// !$*UTF8*$!
{
	archiveVersion = 1;
	classes = {
	};
	objectVersion = 56;
	objects = {

/* Begin PBXBuildFile section */
		E92374712A75E92E000A18AD /* AppDelegate.swift in Sources */ = {isa = PBXBuildFile; fileRef = E92374702A75E92E000A18AD /* AppDelegate.swift */; };
		E92374772A75E92E000A18AD /* GameScene.swift in Sources */ = {isa = PBXBuildFile; fileRef = E92374762A75E92E000A18AD /* GameScene.swift */; };
		E92374792A75E92E000A18AD /* GameViewController.swift in Sources */ = {isa = PBXBuildFile; fileRef = E92374782A75E92E000A18AD /* GameViewController.swift */; };
		E923747C2A75E92E000A18AD /* Main.storyboard in Resources */ = {isa = PBXBuildFile; fileRef = E923747A2A75E92E000A18AD /* Main.storyboard */; };
		E923747E2A75E930000A18AD /* Assets.xcassets in Resources */ = {isa = PBXBuildFile; fileRef = E923747D2A75E930000A18AD /* Assets.xcassets */; };
		E92374812A75E930000A18AD /* LaunchScreen.storyboard in Resources */ = {isa = PBXBuildFile; fileRef = E923747F2A75E930000A18AD /* LaunchScreen.storyboard */; };
		E923748E2A75EB48000A18AD /* Types.swift in Sources */ = {isa = PBXBuildFile; fileRef = E923748D2A75EB48000A18AD /* Types.swift */; };
		E92374992A75EC7F000A18AD /* wrong.wav in Resources */ = {isa = PBXBuildFile; fileRef = E92374902A75EC7F000A18AD /* wrong.wav */; };
		E923749A2A75EC7F000A18AD /* whack.wav in Resources */ = {isa = PBXBuildFile; fileRef = E92374912A75EC7F000A18AD /* whack.wav */; };
		E923749B2A75EC7F000A18AD /* button.wav in Resources */ = {isa = PBXBuildFile; fileRef = E92374922A75EC7F000A18AD /* button.wav */; };
		E923749C2A75EC7F000A18AD /* launch.wav in Resources */ = {isa = PBXBuildFile; fileRef = E92374932A75EC7F000A18AD /* launch.wav */; };
		E923749D2A75EC7F000A18AD /* explosion.wav in Resources */ = {isa = PBXBuildFile; fileRef = E92374942A75EC7F000A18AD /* explosion.wav */; };
		E923749E2A75EC7F000A18AD /* swoosh2.wav in Resources */ = {isa = PBXBuildFile; fileRef = E92374952A75EC7F000A18AD /* swoosh2.wav */; };
		E923749F2A75EC7F000A18AD /* swoosh3.wav in Resources */ = {isa = PBXBuildFile; fileRef = E92374962A75EC7F000A18AD /* swoosh3.wav */; };
		E92374A02A75EC7F000A18AD /* swoosh1.wav in Resources */ = {isa = PBXBuildFile; fileRef = E92374972A75EC7F000A18AD /* swoosh1.wav */; };
		E92374A12A75EC7F000A18AD /* sliceBombFuse.wav in Resources */ = {isa = PBXBuildFile; fileRef = E92374982A75EC7F000A18AD /* sliceBombFuse.wav */; };
		E92374A42A75F09B000A18AD /* Int+Ext.swift in Sources */ = {isa = PBXBuildFile; fileRef = E92374A32A75F09B000A18AD /* Int+Ext.swift */; };
		E92374A62A75F14C000A18AD /* CGFloat+Ext.swift in Sources */ = {isa = PBXBuildFile; fileRef = E92374A52A75F14C000A18AD /* CGFloat+Ext.swift */; };
		E92374A92A75F5AA000A18AD /* EnumType.swift in Sources */ = {isa = PBXBuildFile; fileRef = E92374A82A75F5AA000A18AD /* EnumType.swift */; };
/* End PBXBuildFile section */

/* Begin PBXFileReference section */
		E923746D2A75E92E000A18AD /* FruitNinja.app */ = {isa = PBXFileReference; explicitFileType = wrapper.application; includeInIndex = 0; path = FruitNinja.app; sourceTree = BUILT_PRODUCTS_DIR; };
		E92374702A75E92E000A18AD /* AppDelegate.swift */ = {isa = PBXFileReference; lastKnownFileType = sourcecode.swift; path = AppDelegate.swift; sourceTree = "<group>"; };
		E92374762A75E92E000A18AD /* GameScene.swift */ = {isa = PBXFileReference; lastKnownFileType = sourcecode.swift; path = GameScene.swift; sourceTree = "<group>"; };
		E92374782A75E92E000A18AD /* GameViewController.swift */ = {isa = PBXFileReference; lastKnownFileType = sourcecode.swift; path = GameViewController.swift; sourceTree = "<group>"; };
		E923747B2A75E92E000A18AD /* Base */ = {isa = PBXFileReference; lastKnownFileType = file.storyboard; name = Base; path = Base.lproj/Main.storyboard; sourceTree = "<group>"; };
		E923747D2A75E930000A18AD /* Assets.xcassets */ = {isa = PBXFileReference; lastKnownFileType = folder.assetcatalog; path = Assets.xcassets; sourceTree = "<group>"; };
		E92374802A75E930000A18AD /* Base */ = {isa = PBXFileReference; lastKnownFileType = file.storyboard; name = Base; path = Base.lproj/LaunchScreen.storyboard; sourceTree = "<group>"; };
		E923748D2A75EB48000A18AD /* Types.swift */ = {isa = PBXFileReference; lastKnownFileType = sourcecode.swift; path = Types.swift; sourceTree = "<group>"; };
		E92374902A75EC7F000A18AD /* wrong.wav */ = {isa = PBXFileReference; lastKnownFileType = audio.wav; path = wrong.wav; sourceTree = "<group>"; };
		E92374912A75EC7F000A18AD /* whack.wav */ = {isa = PBXFileReference; lastKnownFileType = audio.wav; path = whack.wav; sourceTree = "<group>"; };
		E92374922A75EC7F000A18AD /* button.wav */ = {isa = PBXFileReference; lastKnownFileType = audio.wav; path = button.wav; sourceTree = "<group>"; };
		E92374932A75EC7F000A18AD /* launch.wav */ = {isa = PBXFileReference; lastKnownFileType = audio.wav; path = launch.wav; sourceTree = "<group>"; };
		E92374942A75EC7F000A18AD /* explosion.wav */ = {isa = PBXFileReference; lastKnownFileType = audio.wav; path = explosion.wav; sourceTree = "<group>"; };
		E92374952A75EC7F000A18AD /* swoosh2.wav */ = {isa = PBXFileReference; lastKnownFileType = audio.wav; path = swoosh2.wav; sourceTree = "<group>"; };
		E92374962A75EC7F000A18AD /* swoosh3.wav */ = {isa = PBXFileReference; lastKnownFileType = audio.wav; path = swoosh3.wav; sourceTree = "<group>"; };
		E92374972A75EC7F000A18AD /* swoosh1.wav */ = {isa = PBXFileReference; lastKnownFileType = audio.wav; path = swoosh1.wav; sourceTree = "<group>"; };
		E92374982A75EC7F000A18AD /* sliceBombFuse.wav */ = {isa = PBXFileReference; lastKnownFileType = audio.wav; path = sliceBombFuse.wav; sourceTree = "<group>"; };
		E92374A32A75F09B000A18AD /* Int+Ext.swift */ = {isa = PBXFileReference; lastKnownFileType = sourcecode.swift; path = "Int+Ext.swift"; sourceTree = "<group>"; };
		E92374A52A75F14C000A18AD /* CGFloat+Ext.swift */ = {isa = PBXFileReference; lastKnownFileType = sourcecode.swift; path = "CGFloat+Ext.swift"; sourceTree = "<group>"; };
		E92374A82A75F5AA000A18AD /* EnumType.swift */ = {isa = PBXFileReference; lastKnownFileType = sourcecode.swift; path = EnumType.swift; sourceTree = "<group>"; };
/* End PBXFileReference section */

/* Begin PBXFrameworksBuildPhase section */
		E923746A2A75E92E000A18AD /* Frameworks */ = {
			isa = PBXFrameworksBuildPhase;
			buildActionMask = 2147483647;
			files = (
			);
			runOnlyForDeploymentPostprocessing = 0;
		};
/* End PBXFrameworksBuildPhase section */

/* Begin PBXGroup section */
		E92374642A75E92E000A18AD = {
			isa = PBXGroup;
			children = (
				E923746F2A75E92E000A18AD /* FruitNinja */,
				E923746E2A75E92E000A18AD /* Products */,
			);
			sourceTree = "<group>";
		};
		E923746E2A75E92E000A18AD /* Products */ = {
			isa = PBXGroup;
			children = (
				E923746D2A75E92E000A18AD /* FruitNinja.app */,
			);
			name = Products;
			sourceTree = "<group>";
		};
		E923746F2A75E92E000A18AD /* FruitNinja */ = {
			isa = PBXGroup;
			children = (
				E92374A72A75F59E000A18AD /* Enums */,
				E92374A22A75F08E000A18AD /* Utilities */,
				E923748F2A75EC7F000A18AD /* Sounds */,
				E923748C2A75EB3E000A18AD /* Types */,
				E923748B2A75EA4B000A18AD /* Delegate */,
				E923748A2A75EA42000A18AD /* Scenes */,
				E92374892A75EA3B000A18AD /* Controllers */,
				E92374882A75EA2E000A18AD /* Storyboards */,
				E92374872A75EA0F000A18AD /* Resources */,
			);
			path = FruitNinja;
			sourceTree = "<group>";
		};
		E92374872A75EA0F000A18AD /* Resources */ = {
			isa = PBXGroup;
			children = (
				E923747D2A75E930000A18AD /* Assets.xcassets */,
			);
			path = Resources;
			sourceTree = "<group>";
		};
		E92374882A75EA2E000A18AD /* Storyboards */ = {
			isa = PBXGroup;
			children = (
				E923747F2A75E930000A18AD /* LaunchScreen.storyboard */,
				E923747A2A75E92E000A18AD /* Main.storyboard */,
			);
			path = Storyboards;
			sourceTree = "<group>";
		};
		E92374892A75EA3B000A18AD /* Controllers */ = {
			isa = PBXGroup;
			children = (
				E92374782A75E92E000A18AD /* GameViewController.swift */,
			);
			path = Controllers;
			sourceTree = "<group>";
		};
		E923748A2A75EA42000A18AD /* Scenes */ = {
			isa = PBXGroup;
			children = (
				E92374762A75E92E000A18AD /* GameScene.swift */,
			);
			path = Scenes;
			sourceTree = "<group>";
		};
		E923748B2A75EA4B000A18AD /* Delegate */ = {
			isa = PBXGroup;
			children = (
				E92374702A75E92E000A18AD /* AppDelegate.swift */,
			);
			path = Delegate;
			sourceTree = "<group>";
		};
		E923748C2A75EB3E000A18AD /* Types */ = {
			isa = PBXGroup;
			children = (
				E923748D2A75EB48000A18AD /* Types.swift */,
			);
			path = Types;
			sourceTree = "<group>";
		};
		E923748F2A75EC7F000A18AD /* Sounds */ = {
			isa = PBXGroup;
			children = (
				E92374922A75EC7F000A18AD /* button.wav */,
				E92374942A75EC7F000A18AD /* explosion.wav */,
				E92374932A75EC7F000A18AD /* launch.wav */,
				E92374982A75EC7F000A18AD /* sliceBombFuse.wav */,
				E92374972A75EC7F000A18AD /* swoosh1.wav */,
				E92374952A75EC7F000A18AD /* swoosh2.wav */,
				E92374962A75EC7F000A18AD /* swoosh3.wav */,
				E92374912A75EC7F000A18AD /* whack.wav */,
				E92374902A75EC7F000A18AD /* wrong.wav */,
			);
			name = Sounds;
			path = "../../../../Downloads/fruitninja-resources-master/Sounds";
			sourceTree = "<group>";
		};
		E92374A22A75F08E000A18AD /* Utilities */ = {
			isa = PBXGroup;
			children = (
				E92374A32A75F09B000A18AD /* Int+Ext.swift */,
				E92374A52A75F14C000A18AD /* CGFloat+Ext.swift */,
			);
			path = Utilities;
			sourceTree = "<group>";
		};
		E92374A72A75F59E000A18AD /* Enums */ = {
			isa = PBXGroup;
			children = (
				E92374A82A75F5AA000A18AD /* EnumType.swift */,
			);
			path = Enums;
			sourceTree = "<group>";
		};
/* End PBXGroup section */

/* Begin PBXNativeTarget section */
		E923746C2A75E92E000A18AD /* FruitNinja */ = {
			isa = PBXNativeTarget;
			buildConfigurationList = E92374842A75E930000A18AD /* Build configuration list for PBXNativeTarget "FruitNinja" */;
			buildPhases = (
				E92374692A75E92E000A18AD /* Sources */,
				E923746A2A75E92E000A18AD /* Frameworks */,
				E923746B2A75E92E000A18AD /* Resources */,
			);
			buildRules = (
			);
			dependencies = (
			);
			name = FruitNinja;
			productName = FruitNinja;
			productReference = E923746D2A75E92E000A18AD /* FruitNinja.app */;
			productType = "com.apple.product-type.application";
		};
/* End PBXNativeTarget section */

/* Begin PBXProject section */
		E92374652A75E92E000A18AD /* Project object */ = {
			isa = PBXProject;
			attributes = {
				BuildIndependentTargetsInParallel = 1;
				LastSwiftUpdateCheck = 1430;
				LastUpgradeCheck = 1430;
				TargetAttributes = {
					E923746C2A75E92E000A18AD = {
						CreatedOnToolsVersion = 14.3;
					};
				};
			};
			buildConfigurationList = E92374682A75E92E000A18AD /* Build configuration list for PBXProject "FruitNinja" */;
			compatibilityVersion = "Xcode 14.0";
			developmentRegion = en;
			hasScannedForEncodings = 0;
			knownRegions = (
				en,
				Base,
			);
			mainGroup = E92374642A75E92E000A18AD;
			productRefGroup = E923746E2A75E92E000A18AD /* Products */;
			projectDirPath = "";
			projectRoot = "";
			targets = (
				E923746C2A75E92E000A18AD /* FruitNinja */,
			);
		};
/* End PBXProject section */

/* Begin PBXResourcesBuildPhase section */
		E923746B2A75E92E000A18AD /* Resources */ = {
			isa = PBXResourcesBuildPhase;
			buildActionMask = 2147483647;
			files = (
				E92374A12A75EC7F000A18AD /* sliceBombFuse.wav in Resources */,
				E92374A02A75EC7F000A18AD /* swoosh1.wav in Resources */,
				E923747C2A75E92E000A18AD /* Main.storyboard in Resources */,
				E923747E2A75E930000A18AD /* Assets.xcassets in Resources */,
				E923749D2A75EC7F000A18AD /* explosion.wav in Resources */,
				E923749F2A75EC7F000A18AD /* swoosh3.wav in Resources */,
				E923749B2A75EC7F000A18AD /* button.wav in Resources */,
				E92374992A75EC7F000A18AD /* wrong.wav in Resources */,
				E923749E2A75EC7F000A18AD /* swoosh2.wav in Resources */,
				E923749C2A75EC7F000A18AD /* launch.wav in Resources */,
				E92374812A75E930000A18AD /* LaunchScreen.storyboard in Resources */,
				E923749A2A75EC7F000A18AD /* whack.wav in Resources */,
			);
			runOnlyForDeploymentPostprocessing = 0;
		};
/* End PBXResourcesBuildPhase section */

/* Begin PBXSourcesBuildPhase section */
		E92374692A75E92E000A18AD /* Sources */ = {
			isa = PBXSourcesBuildPhase;
			buildActionMask = 2147483647;
			files = (
				E92374A62A75F14C000A18AD /* CGFloat+Ext.swift in Sources */,
				E92374A92A75F5AA000A18AD /* EnumType.swift in Sources */,
				E92374A42A75F09B000A18AD /* Int+Ext.swift in Sources */,
				E92374772A75E92E000A18AD /* GameScene.swift in Sources */,
				E92374792A75E92E000A18AD /* GameViewController.swift in Sources */,
				E92374712A75E92E000A18AD /* AppDelegate.swift in Sources */,
				E923748E2A75EB48000A18AD /* Types.swift in Sources */,
			);
			runOnlyForDeploymentPostprocessing = 0;
		};
/* End PBXSourcesBuildPhase section */

/* Begin PBXVariantGroup section */
		E923747A2A75E92E000A18AD /* Main.storyboard */ = {
			isa = PBXVariantGroup;
			children = (
				E923747B2A75E92E000A18AD /* Base */,
			);
			name = Main.storyboard;
			sourceTree = "<group>";
		};
		E923747F2A75E930000A18AD /* LaunchScreen.storyboard */ = {
			isa = PBXVariantGroup;
			children = (
				E92374802A75E930000A18AD /* Base */,
			);
			name = LaunchScreen.storyboard;
			sourceTree = "<group>";
		};
/* End PBXVariantGroup section */

/* Begin XCBuildConfiguration section */
		E92374822A75E930000A18AD /* Debug */ = {
			isa = XCBuildConfiguration;
			buildSettings = {
				ALWAYS_SEARCH_USER_PATHS = NO;
				CLANG_ANALYZER_NONNULL = YES;
				CLANG_ANALYZER_NUMBER_OBJECT_CONVERSION = YES_AGGRESSIVE;
				CLANG_CXX_LANGUAGE_STANDARD = "gnu++20";
				CLANG_ENABLE_MODULES = YES;
				CLANG_ENABLE_OBJC_ARC = YES;
				CLANG_ENABLE_OBJC_WEAK = YES;
				CLANG_WARN_BLOCK_CAPTURE_AUTORELEASING = YES;
				CLANG_WARN_BOOL_CONVERSION = YES;
				CLANG_WARN_COMMA = YES;
				CLANG_WARN_CONSTANT_CONVERSION = YES;
				CLANG_WARN_DEPRECATED_OBJC_IMPLEMENTATIONS = YES;
				CLANG_WARN_DIRECT_OBJC_ISA_USAGE = YES_ERROR;
				CLANG_WARN_DOCUMENTATION_COMMENTS = YES;
				CLANG_WARN_EMPTY_BODY = YES;
				CLANG_WARN_ENUM_CONVERSION = YES;
				CLANG_WARN_INFINITE_RECURSION = YES;
				CLANG_WARN_INT_CONVERSION = YES;
				CLANG_WARN_NON_LITERAL_NULL_CONVERSION = YES;
				CLANG_WARN_OBJC_IMPLICIT_RETAIN_SELF = YES;
				CLANG_WARN_OBJC_LITERAL_CONVERSION = YES;
				CLANG_WARN_OBJC_ROOT_CLASS = YES_ERROR;
				CLANG_WARN_QUOTED_INCLUDE_IN_FRAMEWORK_HEADER = YES;
				CLANG_WARN_RANGE_LOOP_ANALYSIS = YES;
				CLANG_WARN_STRICT_PROTOTYPES = YES;
				CLANG_WARN_SUSPICIOUS_MOVE = YES;
				CLANG_WARN_UNGUARDED_AVAILABILITY = YES_AGGRESSIVE;
				CLANG_WARN_UNREACHABLE_CODE = YES;
				CLANG_WARN__DUPLICATE_METHOD_MATCH = YES;
				COPY_PHASE_STRIP = NO;
				DEBUG_INFORMATION_FORMAT = dwarf;
				ENABLE_STRICT_OBJC_MSGSEND = YES;
				ENABLE_TESTABILITY = YES;
				GCC_C_LANGUAGE_STANDARD = gnu11;
				GCC_DYNAMIC_NO_PIC = NO;
				GCC_NO_COMMON_BLOCKS = YES;
				GCC_OPTIMIZATION_LEVEL = 0;
				GCC_PREPROCESSOR_DEFINITIONS = (
					"DEBUG=1",
					"$(inherited)",
				);
				GCC_WARN_64_TO_32_BIT_CONVERSION = YES;
				GCC_WARN_ABOUT_RETURN_TYPE = YES_ERROR;
				GCC_WARN_UNDECLARED_SELECTOR = YES;
				GCC_WARN_UNINITIALIZED_AUTOS = YES_AGGRESSIVE;
				GCC_WARN_UNUSED_FUNCTION = YES;
				GCC_WARN_UNUSED_VARIABLE = YES;
				IPHONEOS_DEPLOYMENT_TARGET = 16.4;
				MTL_ENABLE_DEBUG_INFO = INCLUDE_SOURCE;
				MTL_FAST_MATH = YES;
				ONLY_ACTIVE_ARCH = YES;
				SDKROOT = iphoneos;
				SWIFT_ACTIVE_COMPILATION_CONDITIONS = DEBUG;
				SWIFT_OPTIMIZATION_LEVEL = "-Onone";
			};
			name = Debug;
		};
		E92374832A75E930000A18AD /* Release */ = {
			isa = XCBuildConfiguration;
			buildSettings = {
				ALWAYS_SEARCH_USER_PATHS = NO;
				CLANG_ANALYZER_NONNULL = YES;
				CLANG_ANALYZER_NUMBER_OBJECT_CONVERSION = YES_AGGRESSIVE;
				CLANG_CXX_LANGUAGE_STANDARD = "gnu++20";
				CLANG_ENABLE_MODULES = YES;
				CLANG_ENABLE_OBJC_ARC = YES;
				CLANG_ENABLE_OBJC_WEAK = YES;
				CLANG_WARN_BLOCK_CAPTURE_AUTORELEASING = YES;
				CLANG_WARN_BOOL_CONVERSION = YES;
				CLANG_WARN_COMMA = YES;
				CLANG_WARN_CONSTANT_CONVERSION = YES;
				CLANG_WARN_DEPRECATED_OBJC_IMPLEMENTATIONS = YES;
				CLANG_WARN_DIRECT_OBJC_ISA_USAGE = YES_ERROR;
				CLANG_WARN_DOCUMENTATION_COMMENTS = YES;
				CLANG_WARN_EMPTY_BODY = YES;
				CLANG_WARN_ENUM_CONVERSION = YES;
				CLANG_WARN_INFINITE_RECURSION = YES;
				CLANG_WARN_INT_CONVERSION = YES;
				CLANG_WARN_NON_LITERAL_NULL_CONVERSION = YES;
				CLANG_WARN_OBJC_IMPLICIT_RETAIN_SELF = YES;
				CLANG_WARN_OBJC_LITERAL_CONVERSION = YES;
				CLANG_WARN_OBJC_ROOT_CLASS = YES_ERROR;
				CLANG_WARN_QUOTED_INCLUDE_IN_FRAMEWORK_HEADER = YES;
				CLANG_WARN_RANGE_LOOP_ANALYSIS = YES;
				CLANG_WARN_STRICT_PROTOTYPES = YES;
				CLANG_WARN_SUSPICIOUS_MOVE = YES;
				CLANG_WARN_UNGUARDED_AVAILABILITY = YES_AGGRESSIVE;
				CLANG_WARN_UNREACHABLE_CODE = YES;
				CLANG_WARN__DUPLICATE_METHOD_MATCH = YES;
				COPY_PHASE_STRIP = NO;
				DEBUG_INFORMATION_FORMAT = "dwarf-with-dsym";
				ENABLE_NS_ASSERTIONS = NO;
				ENABLE_STRICT_OBJC_MSGSEND = YES;
				GCC_C_LANGUAGE_STANDARD = gnu11;
				GCC_NO_COMMON_BLOCKS = YES;
				GCC_WARN_64_TO_32_BIT_CONVERSION = YES;
				GCC_WARN_ABOUT_RETURN_TYPE = YES_ERROR;
				GCC_WARN_UNDECLARED_SELECTOR = YES;
				GCC_WARN_UNINITIALIZED_AUTOS = YES_AGGRESSIVE;
				GCC_WARN_UNUSED_FUNCTION = YES;
				GCC_WARN_UNUSED_VARIABLE = YES;
				IPHONEOS_DEPLOYMENT_TARGET = 16.4;
				MTL_ENABLE_DEBUG_INFO = NO;
				MTL_FAST_MATH = YES;
				SDKROOT = iphoneos;
				SWIFT_COMPILATION_MODE = wholemodule;
				SWIFT_OPTIMIZATION_LEVEL = "-O";
				VALIDATE_PRODUCT = YES;
			};
			name = Release;
		};
		E92374852A75E930000A18AD /* Debug */ = {
			isa = XCBuildConfiguration;
			buildSettings = {
				ASSETCATALOG_COMPILER_APPICON_NAME = AppIcon;
				ASSETCATALOG_COMPILER_GLOBAL_ACCENT_COLOR_NAME = AccentColor;
				CODE_SIGN_STYLE = Automatic;
				CURRENT_PROJECT_VERSION = 1;
				DEVELOPMENT_TEAM = 5S88AY6J4R;
				GENERATE_INFOPLIST_FILE = YES;
				INFOPLIST_KEY_UIApplicationSupportsIndirectInputEvents = YES;
				INFOPLIST_KEY_UILaunchStoryboardName = LaunchScreen;
				INFOPLIST_KEY_UIMainStoryboardFile = Main;
				INFOPLIST_KEY_UIRequiresFullScreen = YES;
				INFOPLIST_KEY_UIStatusBarHidden = YES;
				INFOPLIST_KEY_UIStatusBarStyle = "";
				INFOPLIST_KEY_UISupportedInterfaceOrientations = "UIInterfaceOrientationLandscapeLeft UIInterfaceOrientationLandscapeRight";
				INFOPLIST_KEY_UISupportedInterfaceOrientations_iPad = "UIInterfaceOrientationLandscapeLeft UIInterfaceOrientationLandscapeRight UIInterfaceOrientationPortrait UIInterfaceOrientationPortraitUpsideDown";
				LD_RUNPATH_SEARCH_PATHS = (
					"$(inherited)",
					"@executable_path/Frameworks",
				);
				MARKETING_VERSION = 1.0;
				PRODUCT_BUNDLE_IDENTIFIER = br.ufpe.cin.academy.tmc4.FruitNinja;
				PRODUCT_NAME = "$(TARGET_NAME)";
				SWIFT_EMIT_LOC_STRINGS = YES;
				SWIFT_VERSION = 5.0;
				TARGETED_DEVICE_FAMILY = "1,2";
			};
			name = Debug;
		};
		E92374862A75E930000A18AD /* Release */ = {
			isa = XCBuildConfiguration;
			buildSettings = {
				ASSETCATALOG_COMPILER_APPICON_NAME = AppIcon;
				ASSETCATALOG_COMPILER_GLOBAL_ACCENT_COLOR_NAME = AccentColor;
				CODE_SIGN_STYLE = Automatic;
				CURRENT_PROJECT_VERSION = 1;
				DEVELOPMENT_TEAM = 5S88AY6J4R;
				GENERATE_INFOPLIST_FILE = YES;
				INFOPLIST_KEY_UIApplicationSupportsIndirectInputEvents = YES;
				INFOPLIST_KEY_UILaunchStoryboardName = LaunchScreen;
				INFOPLIST_KEY_UIMainStoryboardFile = Main;
				INFOPLIST_KEY_UIRequiresFullScreen = YES;
				INFOPLIST_KEY_UIStatusBarHidden = YES;
				INFOPLIST_KEY_UIStatusBarStyle = "";
				INFOPLIST_KEY_UISupportedInterfaceOrientations = "UIInterfaceOrientationLandscapeLeft UIInterfaceOrientationLandscapeRight";
				INFOPLIST_KEY_UISupportedInterfaceOrientations_iPad = "UIInterfaceOrientationLandscapeLeft UIInterfaceOrientationLandscapeRight UIInterfaceOrientationPortrait UIInterfaceOrientationPortraitUpsideDown";
				LD_RUNPATH_SEARCH_PATHS = (
					"$(inherited)",
					"@executable_path/Frameworks",
				);
				MARKETING_VERSION = 1.0;
				PRODUCT_BUNDLE_IDENTIFIER = br.ufpe.cin.academy.tmc4.FruitNinja;
				PRODUCT_NAME = "$(TARGET_NAME)";
				SWIFT_EMIT_LOC_STRINGS = YES;
				SWIFT_VERSION = 5.0;
				TARGETED_DEVICE_FAMILY = "1,2";
			};
			name = Release;
		};
/* End XCBuildConfiguration section */

/* Begin XCConfigurationList section */
		E92374682A75E92E000A18AD /* Build configuration list for PBXProject "FruitNinja" */ = {
			isa = XCConfigurationList;
			buildConfigurations = (
				E92374822A75E930000A18AD /* Debug */,
				E92374832A75E930000A18AD /* Release */,
			);
			defaultConfigurationIsVisible = 0;
			defaultConfigurationName = Release;
		};
		E92374842A75E930000A18AD /* Build configuration list for PBXNativeTarget "FruitNinja" */ = {
			isa = XCConfigurationList;
			buildConfigurations = (
				E92374852A75E930000A18AD /* Debug */,
				E92374862A75E930000A18AD /* Release */,
			);
			defaultConfigurationIsVisible = 0;
			defaultConfigurationName = Release;
		};
/* End XCConfigurationList section */
	};
	rootObject = E92374652A75E92E000A18AD /* Project object */;
}
